// !$*UTF8*$!
{
	archiveVersion = 1;
	classes = {
	};
	objectVersion = 48;
	objects = {

/* Begin PBXBuildFile section */
		8BCED45E207213DC00C2B07E /* AppDelegate.m in Sources */ = {isa = PBXBuildFile; fileRef = 8BCED45D207213DC00C2B07E /* AppDelegate.m */; };
		8BCED461207213DC00C2B07E /* ViewController.m in Sources */ = {isa = PBXBuildFile; fileRef = 8BCED460207213DC00C2B07E /* ViewController.m */; };
		8BCED464207213DC00C2B07E /* Main.storyboard in Resources */ = {isa = PBXBuildFile; fileRef = 8BCED462207213DC00C2B07E /* Main.storyboard */; };
		8BCED466207213DC00C2B07E /* Assets.xcassets in Resources */ = {isa = PBXBuildFile; fileRef = 8BCED465207213DC00C2B07E /* Assets.xcassets */; };
		8BCED469207213DC00C2B07E /* LaunchScreen.storyboard in Resources */ = {isa = PBXBuildFile; fileRef = 8BCED467207213DC00C2B07E /* LaunchScreen.storyboard */; };
		8BCED46C207213DC00C2B07E /* main.m in Sources */ = {isa = PBXBuildFile; fileRef = 8BCED46B207213DC00C2B07E /* main.m */; };
		8BCED4952072152D00C2B07E /* RGMultiSelectTextView.m in Sources */ = {isa = PBXBuildFile; fileRef = 8BCED48F2072152D00C2B07E /* RGMultiSelectTextView.m */; };
		8BCED4962072152D00C2B07E /* RGMultiSelectCollectionViewLeftAlignedLayout.m in Sources */ = {isa = PBXBuildFile; fileRef = 8BCED4902072152D00C2B07E /* RGMultiSelectCollectionViewLeftAlignedLayout.m */; };
		8BCED4972072152D00C2B07E /* RGMultiSelectViewUtils.m in Sources */ = {isa = PBXBuildFile; fileRef = 8BCED4912072152D00C2B07E /* RGMultiSelectViewUtils.m */; };
/* End PBXBuildFile section */

/* Begin PBXFileReference section */
		8BCED459207213DC00C2B07E /* RGMultiSelectTextViewDemo.app */ = {isa = PBXFileReference; explicitFileType = wrapper.application; includeInIndex = 0; path = RGMultiSelectTextViewDemo.app; sourceTree = BUILT_PRODUCTS_DIR; };
		8BCED45C207213DC00C2B07E /* AppDelegate.h */ = {isa = PBXFileReference; lastKnownFileType = sourcecode.c.h; path = AppDelegate.h; sourceTree = "<group>"; };
		8BCED45D207213DC00C2B07E /* AppDelegate.m */ = {isa = PBXFileReference; lastKnownFileType = sourcecode.c.objc; path = AppDelegate.m; sourceTree = "<group>"; };
		8BCED45F207213DC00C2B07E /* ViewController.h */ = {isa = PBXFileReference; lastKnownFileType = sourcecode.c.h; path = ViewController.h; sourceTree = "<group>"; };
		8BCED460207213DC00C2B07E /* ViewController.m */ = {isa = PBXFileReference; lastKnownFileType = sourcecode.c.objc; path = ViewController.m; sourceTree = "<group>"; };
		8BCED463207213DC00C2B07E /* Base */ = {isa = PBXFileReference; lastKnownFileType = file.storyboard; name = Base; path = Base.lproj/Main.storyboard; sourceTree = "<group>"; };
		8BCED465207213DC00C2B07E /* Assets.xcassets */ = {isa = PBXFileReference; lastKnownFileType = folder.assetcatalog; path = Assets.xcassets; sourceTree = "<group>"; };
		8BCED468207213DC00C2B07E /* Base */ = {isa = PBXFileReference; lastKnownFileType = file.storyboard; name = Base; path = Base.lproj/LaunchScreen.storyboard; sourceTree = "<group>"; };
		8BCED46A207213DC00C2B07E /* Info.plist */ = {isa = PBXFileReference; lastKnownFileType = text.plist.xml; path = Info.plist; sourceTree = "<group>"; };
		8BCED46B207213DC00C2B07E /* main.m */ = {isa = PBXFileReference; lastKnownFileType = sourcecode.c.objc; path = main.m; sourceTree = "<group>"; };
		8BCED48F2072152D00C2B07E /* RGMultiSelectTextView.m */ = {isa = PBXFileReference; fileEncoding = 4; lastKnownFileType = sourcecode.c.objc; path = RGMultiSelectTextView.m; sourceTree = "<group>"; };
		8BCED4902072152D00C2B07E /* RGMultiSelectCollectionViewLeftAlignedLayout.m */ = {isa = PBXFileReference; fileEncoding = 4; lastKnownFileType = sourcecode.c.objc; path = RGMultiSelectCollectionViewLeftAlignedLayout.m; sourceTree = "<group>"; };
		8BCED4912072152D00C2B07E /* RGMultiSelectViewUtils.m */ = {isa = PBXFileReference; fileEncoding = 4; lastKnownFileType = sourcecode.c.objc; path = RGMultiSelectViewUtils.m; sourceTree = "<group>"; };
		8BCED4922072152D00C2B07E /* RGMultiSelectTextView.h */ = {isa = PBXFileReference; fileEncoding = 4; lastKnownFileType = sourcecode.c.h; path = RGMultiSelectTextView.h; sourceTree = "<group>"; };
		8BCED4932072152D00C2B07E /* RGMultiSelectViewUtils.h */ = {isa = PBXFileReference; fileEncoding = 4; lastKnownFileType = sourcecode.c.h; path = RGMultiSelectViewUtils.h; sourceTree = "<group>"; };
		8BCED4942072152D00C2B07E /* RGMultiSelectCollectionViewLeftAlignedLayout.h */ = {isa = PBXFileReference; fileEncoding = 4; lastKnownFileType = sourcecode.c.h; path = RGMultiSelectCollectionViewLeftAlignedLayout.h; sourceTree = "<group>"; };
/* End PBXFileReference section */

/* Begin PBXFrameworksBuildPhase section */
		8BCED456207213DC00C2B07E /* Frameworks */ = {
			isa = PBXFrameworksBuildPhase;
			buildActionMask = 2147483647;
			files = (
			);
			runOnlyForDeploymentPostprocessing = 0;
		};
/* End PBXFrameworksBuildPhase section */

/* Begin PBXGroup section */
		8BCED450207213DC00C2B07E = {
			isa = PBXGroup;
			children = (
				8BCED48E2072152D00C2B07E /* RGMultiSelectTextView */,
				8BCED45B207213DC00C2B07E /* RGMultiSelectTextViewDemo */,
				8BCED45A207213DC00C2B07E /* Products */,
			);
			sourceTree = "<group>";
		};
		8BCED45A207213DC00C2B07E /* Products */ = {
			isa = PBXGroup;
			children = (
				8BCED459207213DC00C2B07E /* RGMultiSelectTextViewDemo.app */,
			);
			name = Products;
			sourceTree = "<group>";
		};
		8BCED45B207213DC00C2B07E /* RGMultiSelectTextViewDemo */ = {
			isa = PBXGroup;
			children = (
				8BCED45C207213DC00C2B07E /* AppDelegate.h */,
				8BCED45D207213DC00C2B07E /* AppDelegate.m */,
				8BCED45F207213DC00C2B07E /* ViewController.h */,
				8BCED460207213DC00C2B07E /* ViewController.m */,
				8BCED462207213DC00C2B07E /* Main.storyboard */,
				8BCED465207213DC00C2B07E /* Assets.xcassets */,
				8BCED467207213DC00C2B07E /* LaunchScreen.storyboard */,
				8BCED46A207213DC00C2B07E /* Info.plist */,
				8BCED46B207213DC00C2B07E /* main.m */,
			);
			path = RGMultiSelectTextViewDemo;
			sourceTree = "<group>";
		};
		8BCED48E2072152D00C2B07E /* RGMultiSelectTextView */ = {
			isa = PBXGroup;
			children = (
				8BCED4942072152D00C2B07E /* RGMultiSelectCollectionViewLeftAlignedLayout.h */,
				8BCED4902072152D00C2B07E /* RGMultiSelectCollectionViewLeftAlignedLayout.m */,
				8BCED4922072152D00C2B07E /* RGMultiSelectTextView.h */,
				8BCED48F2072152D00C2B07E /* RGMultiSelectTextView.m */,
				8BCED4932072152D00C2B07E /* RGMultiSelectViewUtils.h */,
				8BCED4912072152D00C2B07E /* RGMultiSelectViewUtils.m */,
			);
			name = RGMultiSelectTextView;
			path = ../RGMultiSelectTextView;
			sourceTree = "<group>";
		};
/* End PBXGroup section */

/* Begin PBXNativeTarget section */
		8BCED458207213DC00C2B07E /* RGMultiSelectTextViewDemo */ = {
			isa = PBXNativeTarget;
			buildConfigurationList = 8BCED485207213DC00C2B07E /* Build configuration list for PBXNativeTarget "RGMultiSelectTextViewDemo" */;
			buildPhases = (
				8BCED455207213DC00C2B07E /* Sources */,
				8BCED456207213DC00C2B07E /* Frameworks */,
				8BCED457207213DC00C2B07E /* Resources */,
			);
			buildRules = (
			);
			dependencies = (
			);
			name = RGMultiSelectTextViewDemo;
			productName = RGMultiSelectTextViewDemo;
			productReference = 8BCED459207213DC00C2B07E /* RGMultiSelectTextViewDemo.app */;
			productType = "com.apple.product-type.application";
		};
/* End PBXNativeTarget section */

/* Begin PBXProject section */
		8BCED451207213DC00C2B07E /* Project object */ = {
			isa = PBXProject;
			attributes = {
				LastUpgradeCheck = 0920;
				ORGANIZATIONNAME = ld;
				TargetAttributes = {
					8BCED458207213DC00C2B07E = {
						CreatedOnToolsVersion = 9.2;
						ProvisioningStyle = Automatic;
					};
				};
			};
			buildConfigurationList = 8BCED454207213DC00C2B07E /* Build configuration list for PBXProject "RGMultiSelectTextViewDemo" */;
			compatibilityVersion = "Xcode 8.0";
			developmentRegion = en;
			hasScannedForEncodings = 0;
			knownRegions = (
				en,
				Base,
			);
			mainGroup = 8BCED450207213DC00C2B07E;
			productRefGroup = 8BCED45A207213DC00C2B07E /* Products */;
			projectDirPath = "";
			projectRoot = "";
			targets = (
				8BCED458207213DC00C2B07E /* RGMultiSelectTextViewDemo */,
			);
		};
/* End PBXProject section */

/* Begin PBXResourcesBuildPhase section */
		8BCED457207213DC00C2B07E /* Resources */ = {
			isa = PBXResourcesBuildPhase;
			buildActionMask = 2147483647;
			files = (
				8BCED469207213DC00C2B07E /* LaunchScreen.storyboard in Resources */,
				8BCED466207213DC00C2B07E /* Assets.xcassets in Resources */,
				8BCED464207213DC00C2B07E /* Main.storyboard in Resources */,
			);
			runOnlyForDeploymentPostprocessing = 0;
		};
/* End PBXResourcesBuildPhase section */

/* Begin PBXSourcesBuildPhase section */
		8BCED455207213DC00C2B07E /* Sources */ = {
			isa = PBXSourcesBuildPhase;
			buildActionMask = 2147483647;
			files = (
				8BCED4972072152D00C2B07E /* RGMultiSelectViewUtils.m in Sources */,
				8BCED461207213DC00C2B07E /* ViewController.m in Sources */,
				8BCED4962072152D00C2B07E /* RGMultiSelectCollectionViewLeftAlignedLayout.m in Sources */,
				8BCED46C207213DC00C2B07E /* main.m in Sources */,
				8BCED45E207213DC00C2B07E /* AppDelegate.m in Sources */,
				8BCED4952072152D00C2B07E /* RGMultiSelectTextView.m in Sources */,
			);
			runOnlyForDeploymentPostprocessing = 0;
		};
/* End PBXSourcesBuildPhase section */

/* Begin PBXVariantGroup section */
		8BCED462207213DC00C2B07E /* Main.storyboard */ = {
			isa = PBXVariantGroup;
			children = (
				8BCED463207213DC00C2B07E /* Base */,
			);
			name = Main.storyboard;
			sourceTree = "<group>";
		};
		8BCED467207213DC00C2B07E /* LaunchScreen.storyboard */ = {
			isa = PBXVariantGroup;
			children = (
				8BCED468207213DC00C2B07E /* Base */,
			);
			name = LaunchScreen.storyboard;
			sourceTree = "<group>";
		};
/* End PBXVariantGroup section */

/* Begin XCBuildConfiguration section */
		8BCED483207213DC00C2B07E /* Debug */ = {
			isa = XCBuildConfiguration;
			buildSettings = {
				ALWAYS_SEARCH_USER_PATHS = NO;
				CLANG_ANALYZER_NONNULL = YES;
				CLANG_ANALYZER_NUMBER_OBJECT_CONVERSION = YES_AGGRESSIVE;
				CLANG_CXX_LANGUAGE_STANDARD = "gnu++14";
				CLANG_CXX_LIBRARY = "libc++";
				CLANG_ENABLE_MODULES = YES;
				CLANG_ENABLE_OBJC_ARC = YES;
				CLANG_WARN_BLOCK_CAPTURE_AUTORELEASING = YES;
				CLANG_WARN_BOOL_CONVERSION = YES;
				CLANG_WARN_COMMA = YES;
				CLANG_WARN_CONSTANT_CONVERSION = YES;
				CLANG_WARN_DIRECT_OBJC_ISA_USAGE = YES_ERROR;
				CLANG_WARN_DOCUMENTATION_COMMENTS = YES;
				CLANG_WARN_EMPTY_BODY = YES;
				CLANG_WARN_ENUM_CONVERSION = YES;
				CLANG_WARN_INFINITE_RECURSION = YES;
				CLANG_WARN_INT_CONVERSION = YES;
				CLANG_WARN_NON_LITERAL_NULL_CONVERSION = YES;
				CLANG_WARN_OBJC_LITERAL_CONVERSION = YES;
				CLANG_WARN_OBJC_ROOT_CLASS = YES_ERROR;
				CLANG_WARN_RANGE_LOOP_ANALYSIS = YES;
				CLANG_WARN_STRICT_PROTOTYPES = YES;
				CLANG_WARN_SUSPICIOUS_MOVE = YES;
				CLANG_WARN_UNGUARDED_AVAILABILITY = YES_AGGRESSIVE;
				CLANG_WARN_UNREACHABLE_CODE = YES;
				CLANG_WARN__DUPLICATE_METHOD_MATCH = YES;
				CODE_SIGN_IDENTITY = "iPhone Developer";
				COPY_PHASE_STRIP = NO;
				DEBUG_INFORMATION_FORMAT = dwarf;
				ENABLE_STRICT_OBJC_MSGSEND = YES;
				ENABLE_TESTABILITY = YES;
				GCC_C_LANGUAGE_STANDARD = gnu11;
				GCC_DYNAMIC_NO_PIC = NO;
				GCC_NO_COMMON_BLOCKS = YES;
				GCC_OPTIMIZATION_LEVEL = 0;
				GCC_PREPROCESSOR_DEFINITIONS = (
					"DEBUG=1",
					"$(inherited)",
				);
				GCC_WARN_64_TO_32_BIT_CONVERSION = YES;
				GCC_WARN_ABOUT_RETURN_TYPE = YES_ERROR;
				GCC_WARN_UNDECLARED_SELECTOR = YES;
				GCC_WARN_UNINITIALIZED_AUTOS = YES_AGGRESSIVE;
				GCC_WARN_UNUSED_FUNCTION = YES;
				GCC_WARN_UNUSED_VARIABLE = YES;
				IPHONEOS_DEPLOYMENT_TARGET = 11.2;
				MTL_ENABLE_DEBUG_INFO = YES;
				ONLY_ACTIVE_ARCH = YES;
				SDKROOT = iphoneos;
			};
			name = Debug;
		};
		8BCED484207213DC00C2B07E /* Release */ = {
			isa = XCBuildConfiguration;
			buildSettings = {
				ALWAYS_SEARCH_USER_PATHS = NO;
				CLANG_ANALYZER_NONNULL = YES;
				CLANG_ANALYZER_NUMBER_OBJECT_CONVERSION = YES_AGGRESSIVE;
				CLANG_CXX_LANGUAGE_STANDARD = "gnu++14";
				CLANG_CXX_LIBRARY = "libc++";
				CLANG_ENABLE_MODULES = YES;
				CLANG_ENABLE_OBJC_ARC = YES;
				CLANG_WARN_BLOCK_CAPTURE_AUTORELEASING = YES;
				CLANG_WARN_BOOL_CONVERSION = YES;
				CLANG_WARN_COMMA = YES;
				CLANG_WARN_CONSTANT_CONVERSION = YES;
				CLANG_WARN_DIRECT_OBJC_ISA_USAGE = YES_ERROR;
				CLANG_WARN_DOCUMENTATION_COMMENTS = YES;
				CLANG_WARN_EMPTY_BODY = YES;
				CLANG_WARN_ENUM_CONVERSION = YES;
				CLANG_WARN_INFINITE_RECURSION = YES;
				CLANG_WARN_INT_CONVERSION = YES;
				CLANG_WARN_NON_LITERAL_NULL_CONVERSION = YES;
				CLANG_WARN_OBJC_LITERAL_CONVERSION = YES;
				CLANG_WARN_OBJC_ROOT_CLASS = YES_ERROR;
				CLANG_WARN_RANGE_LOOP_ANALYSIS = YES;
				CLANG_WARN_STRICT_PROTOTYPES = YES;
				CLANG_WARN_SUSPICIOUS_MOVE = YES;
				CLANG_WARN_UNGUARDED_AVAILABILITY = YES_AGGRESSIVE;
				CLANG_WARN_UNREACHABLE_CODE = YES;
				CLANG_WARN__DUPLICATE_METHOD_MATCH = YES;
				CODE_SIGN_IDENTITY = "iPhone Developer";
				COPY_PHASE_STRIP = NO;
				DEBUG_INFORMATION_FORMAT = "dwarf-with-dsym";
				ENABLE_NS_ASSERTIONS = NO;
				ENABLE_STRICT_OBJC_MSGSEND = YES;
				GCC_C_LANGUAGE_STANDARD = gnu11;
				GCC_NO_COMMON_BLOCKS = YES;
				GCC_WARN_64_TO_32_BIT_CONVERSION = YES;
				GCC_WARN_ABOUT_RETURN_TYPE = YES_ERROR;
				GCC_WARN_UNDECLARED_SELECTOR = YES;
				GCC_WARN_UNINITIALIZED_AUTOS = YES_AGGRESSIVE;
				GCC_WARN_UNUSED_FUNCTION = YES;
				GCC_WARN_UNUSED_VARIABLE = YES;
				IPHONEOS_DEPLOYMENT_TARGET = 11.2;
				MTL_ENABLE_DEBUG_INFO = NO;
				SDKROOT = iphoneos;
				VALIDATE_PRODUCT = YES;
			};
			name = Release;
		};
		8BCED486207213DC00C2B07E /* Debug */ = {
			isa = XCBuildConfiguration;
			buildSettings = {
				ASSETCATALOG_COMPILER_APPICON_NAME = AppIcon;
				CODE_SIGN_STYLE = Automatic;
				DEVELOPMENT_TEAM = 59Q4A65TJN;
				INFOPLIST_FILE = RGMultiSelectTextViewDemo/Info.plist;
				IPHONEOS_DEPLOYMENT_TARGET = 9.0;
				LD_RUNPATH_SEARCH_PATHS = "$(inherited) @executable_path/Frameworks";
				PRODUCT_BUNDLE_IDENTIFIER = ld.RGMultiSelectTextViewDemo;
				PRODUCT_NAME = "$(TARGET_NAME)";
				TARGETED_DEVICE_FAMILY = "1,2";
			};
			name = Debug;
		};
		8BCED487207213DC00C2B07E /* Release */ = {
			isa = XCBuildConfiguration;
			buildSettings = {
				ASSETCATALOG_COMPILER_APPICON_NAME = AppIcon;
				CODE_SIGN_STYLE = Automatic;
				DEVELOPMENT_TEAM = 59Q4A65TJN;
				INFOPLIST_FILE = RGMultiSelectTextViewDemo/Info.plist;
				IPHONEOS_DEPLOYMENT_TARGET = 9.0;
				LD_RUNPATH_SEARCH_PATHS = "$(inherited) @executable_path/Frameworks";
				PRODUCT_BUNDLE_IDENTIFIER = ld.RGMultiSelectTextViewDemo;
				PRODUCT_NAME = "$(TARGET_NAME)";
				TARGETED_DEVICE_FAMILY = "1,2";
			};
			name = Release;
		};
/* End XCBuildConfiguration section */

/* Begin XCConfigurationList section */
		8BCED454207213DC00C2B07E /* Build configuration list for PBXProject "RGMultiSelectTextViewDemo" */ = {
			isa = XCConfigurationList;
			buildConfigurations = (
				8BCED483207213DC00C2B07E /* Debug */,
				8BCED484207213DC00C2B07E /* Release */,
			);
			defaultConfigurationIsVisible = 0;
			defaultConfigurationName = Release;
		};
		8BCED485207213DC00C2B07E /* Build configuration list for PBXNativeTarget "RGMultiSelectTextViewDemo" */ = {
			isa = XCConfigurationList;
			buildConfigurations = (
				8BCED486207213DC00C2B07E /* Debug */,
				8BCED487207213DC00C2B07E /* Release */,
			);
			defaultConfigurationIsVisible = 0;
			defaultConfigurationName = Release;
		};
/* End XCConfigurationList section */
	};
	rootObject = 8BCED451207213DC00C2B07E /* Project object */;
}
